{
  "name": "tree-sitter-bloblang2",
  "version": "0.1.0",
  "lockfileVersion": 3,
  "requires": true,
  "packages": {
    "": {
      "name": "tree-sitter-bloblang2",
      "version": "0.1.0",
      "devDependencies": {
        "tree-sitter-cli": "^0.24.0"
      }
    },
    "node_modules/tree-sitter-cli": {
      "version": "0.24.7",
      "resolved": "https://registry.npmjs.org/tree-sitter-cli/-/tree-sitter-cli-0.24.7.tgz",
      "integrity": "sha512-o4gnE82pVmMMhJbWwD6+I9yr4lXii5Ci5qEQ2pFpUbVy1YiD8cizTJaqdcznA0qEbo7l2OneI1GocChPrI4YGQ==",
      "dev": true,
      "hasInstallScript": true,
      "license": "MIT",
      "bin": {
        "tree-sitter": "cli.js"
      },
      "engines": {
        "node": ">=12.0.0"
      }
    }
  }
}
